
Microsoft Visual Studio Solution File, Format Version 12.00
Project("{FAE04EC0-301F-11D3-BF4B-00C04F79EFBC}") = "TheMostAdvancedSquareCalculator", "TheMostAdvancedSquareCalculator.csproj", "{4CF83333-EBE1-47AC-A6AB-6C4C56BDD9E5}"
EndProject
Project("{FAE04EC0-301F-11D3-BF4B-00C04F79EFBC}") = "AreaCalculatorTests", "AreaCalculatorTests\AreaCalculatorTests.csproj", "{58E1C011-0EE8-4F27-8D78-96BAF227DD93}"
EndProject
Global
	GlobalSection(SolutionConfigurationPlatforms) = preSolution
		Debug|Any CPU = Debug|Any CPU
		Release|Any CPU = Release|Any CPU
	EndGlobalSection
	GlobalSection(ProjectConfigurationPlatforms) = postSolution
		{4CF83333-EBE1-47AC-A6AB-6C4C56BDD9E5}.Debug|Any CPU.ActiveCfg = Debug|Any CPU
		{4CF83333-EBE1-47AC-A6AB-6C4C56BDD9E5}.Debug|Any CPU.Build.0 = Debug|Any CPU
		{4CF83333-EBE1-47AC-A6AB-6C4C56BDD9E5}.Release|Any CPU.ActiveCfg = Release|Any CPU
		{4CF83333-EBE1-47AC-A6AB-6C4C56BDD9E5}.Release|Any CPU.Build.0 = Release|Any CPU
		{58E1C011-0EE8-4F27-8D78-96BAF227DD93}.Debug|Any CPU.ActiveCfg = Debug|Any CPU
		{58E1C011-0EE8-4F27-8D78-96BAF227DD93}.Debug|Any CPU.Build.0 = Debug|Any CPU
		{58E1C011-0EE8-4F27-8D78-96BAF227DD93}.Release|Any CPU.ActiveCfg = Release|Any CPU
		{58E1C011-0EE8-4F27-8D78-96BAF227DD93}.Release|Any CPU.Build.0 = Release|Any CPU
	EndGlobalSection
EndGlobal
